// !$*UTF8*$!
{
	archiveVersion = 1;
	classes = {
	};
	objectVersion = 56;
	objects = {

/* Begin PBXBuildFile section */
		84B0DFEA2D41AF0C00244947 /* ios_contact_generatorApp.swift in Sources */ = {isa = PBXBuildFile; fileRef = 84B0DFE92D41AF0C00244947 /* ios_contact_generatorApp.swift */; };
		84B0DFEC2D41AF0C00244947 /* ContentView.swift in Sources */ = {isa = PBXBuildFile; fileRef = 84B0DFEB2D41AF0C00244947 /* ContentView.swift */; };
		84B0DFEE2D41AF0E00244947 /* Assets.xcassets in Resources */ = {isa = PBXBuildFile; fileRef = 84B0DFED2D41AF0E00244947 /* Assets.xcassets */; };
		84B0DFF12D41AF0E00244947 /* Preview Assets.xcassets in Resources */ = {isa = PBXBuildFile; fileRef = 84B0DFF02D41AF0E00244947 /* Preview Assets.xcassets */; };
		84B0DFFB2D41AF0E00244947 /* ios_contact_generatorTests.swift in Sources */ = {isa = PBXBuildFile; fileRef = 84B0DFFA2D41AF0E00244947 /* ios_contact_generatorTests.swift */; };
		84B0E0052D41AF0E00244947 /* ios_contact_generatorUITests.swift in Sources */ = {isa = PBXBuildFile; fileRef = 84B0E0042D41AF0E00244947 /* ios_contact_generatorUITests.swift */; };
		84B0E0072D41AF0E00244947 /* ios_contact_generatorUITestsLaunchTests.swift in Sources */ = {isa = PBXBuildFile; fileRef = 84B0E0062D41AF0E00244947 /* ios_contact_generatorUITestsLaunchTests.swift */; };
/* End PBXBuildFile section */

/* Begin PBXContainerItemProxy section */
		84B0DFF72D41AF0E00244947 /* PBXContainerItemProxy */ = {
			isa = PBXContainerItemProxy;
			containerPortal = 84B0DFDE2D41AF0C00244947 /* Project object */;
			proxyType = 1;
			remoteGlobalIDString = 84B0DFE52D41AF0C00244947;
			remoteInfo = "ios-contact-generator";
		};
		84B0E0012D41AF0E00244947 /* PBXContainerItemProxy */ = {
			isa = PBXContainerItemProxy;
			containerPortal = 84B0DFDE2D41AF0C00244947 /* Project object */;
			proxyType = 1;
			remoteGlobalIDString = 84B0DFE52D41AF0C00244947;
			remoteInfo = "ios-contact-generator";
		};
/* End PBXContainerItemProxy section */

/* Begin PBXFileReference section */
		84B0DFE62D41AF0C00244947 /* ios-contact-generator.app */ = {isa = PBXFileReference; explicitFileType = wrapper.application; includeInIndex = 0; path = "ios-contact-generator.app"; sourceTree = BUILT_PRODUCTS_DIR; };
		84B0DFE92D41AF0C00244947 /* ios_contact_generatorApp.swift */ = {isa = PBXFileReference; lastKnownFileType = sourcecode.swift; path = ios_contact_generatorApp.swift; sourceTree = "<group>"; };
		84B0DFEB2D41AF0C00244947 /* ContentView.swift */ = {isa = PBXFileReference; lastKnownFileType = sourcecode.swift; path = ContentView.swift; sourceTree = "<group>"; };
		84B0DFED2D41AF0E00244947 /* Assets.xcassets */ = {isa = PBXFileReference; lastKnownFileType = folder.assetcatalog; path = Assets.xcassets; sourceTree = "<group>"; };
		84B0DFF02D41AF0E00244947 /* Preview Assets.xcassets */ = {isa = PBXFileReference; lastKnownFileType = folder.assetcatalog; path = "Preview Assets.xcassets"; sourceTree = "<group>"; };
		84B0DFF62D41AF0E00244947 /* ios-contact-generatorTests.xctest */ = {isa = PBXFileReference; explicitFileType = wrapper.cfbundle; includeInIndex = 0; path = "ios-contact-generatorTests.xctest"; sourceTree = BUILT_PRODUCTS_DIR; };
		84B0DFFA2D41AF0E00244947 /* ios_contact_generatorTests.swift */ = {isa = PBXFileReference; lastKnownFileType = sourcecode.swift; path = ios_contact_generatorTests.swift; sourceTree = "<group>"; };
		84B0E0002D41AF0E00244947 /* ios-contact-generatorUITests.xctest */ = {isa = PBXFileReference; explicitFileType = wrapper.cfbundle; includeInIndex = 0; path = "ios-contact-generatorUITests.xctest"; sourceTree = BUILT_PRODUCTS_DIR; };
		84B0E0042D41AF0E00244947 /* ios_contact_generatorUITests.swift */ = {isa = PBXFileReference; lastKnownFileType = sourcecode.swift; path = ios_contact_generatorUITests.swift; sourceTree = "<group>"; };
		84B0E0062D41AF0E00244947 /* ios_contact_generatorUITestsLaunchTests.swift */ = {isa = PBXFileReference; lastKnownFileType = sourcecode.swift; path = ios_contact_generatorUITestsLaunchTests.swift; sourceTree = "<group>"; };
		84B0E0132D41B0AD00244947 /* Info.plist */ = {isa = PBXFileReference; lastKnownFileType = text.plist; path = Info.plist; sourceTree = "<group>"; };
/* End PBXFileReference section */

/* Begin PBXFrameworksBuildPhase section */
		84B0DFE32D41AF0C00244947 /* Frameworks */ = {
			isa = PBXFrameworksBuildPhase;
			buildActionMask = 2147483647;
			files = (
			);
			runOnlyForDeploymentPostprocessing = 0;
		};
		84B0DFF32D41AF0E00244947 /* Frameworks */ = {
			isa = PBXFrameworksBuildPhase;
			buildActionMask = 2147483647;
			files = (
			);
			runOnlyForDeploymentPostprocessing = 0;
		};
		84B0DFFD2D41AF0E00244947 /* Frameworks */ = {
			isa = PBXFrameworksBuildPhase;
			buildActionMask = 2147483647;
			files = (
			);
			runOnlyForDeploymentPostprocessing = 0;
		};
/* End PBXFrameworksBuildPhase section */

/* Begin PBXGroup section */
		84B0DFDD2D41AF0C00244947 = {
			isa = PBXGroup;
			children = (
				84B0DFE82D41AF0C00244947 /* ios-contact-generator */,
				84B0DFF92D41AF0E00244947 /* ios-contact-generatorTests */,
				84B0E0032D41AF0E00244947 /* ios-contact-generatorUITests */,
				84B0DFE72D41AF0C00244947 /* Products */,
			);
			sourceTree = "<group>";
		};
		84B0DFE72D41AF0C00244947 /* Products */ = {
			isa = PBXGroup;
			children = (
				84B0DFE62D41AF0C00244947 /* ios-contact-generator.app */,
				84B0DFF62D41AF0E00244947 /* ios-contact-generatorTests.xctest */,
				84B0E0002D41AF0E00244947 /* ios-contact-generatorUITests.xctest */,
			);
			name = Products;
			sourceTree = "<group>";
		};
		84B0DFE82D41AF0C00244947 /* ios-contact-generator */ = {
			isa = PBXGroup;
			children = (
				84B0E0132D41B0AD00244947 /* Info.plist */,
				84B0DFE92D41AF0C00244947 /* ios_contact_generatorApp.swift */,
				84B0DFEB2D41AF0C00244947 /* ContentView.swift */,
				84B0DFED2D41AF0E00244947 /* Assets.xcassets */,
				84B0DFEF2D41AF0E00244947 /* Preview Content */,
			);
			path = "ios-contact-generator";
			sourceTree = "<group>";
		};
		84B0DFEF2D41AF0E00244947 /* Preview Content */ = {
			isa = PBXGroup;
			children = (
				84B0DFF02D41AF0E00244947 /* Preview Assets.xcassets */,
			);
			path = "Preview Content";
			sourceTree = "<group>";
		};
		84B0DFF92D41AF0E00244947 /* ios-contact-generatorTests */ = {
			isa = PBXGroup;
			children = (
				84B0DFFA2D41AF0E00244947 /* ios_contact_generatorTests.swift */,
			);
			path = "ios-contact-generatorTests";
			sourceTree = "<group>";
		};
		84B0E0032D41AF0E00244947 /* ios-contact-generatorUITests */ = {
			isa = PBXGroup;
			children = (
				84B0E0042D41AF0E00244947 /* ios_contact_generatorUITests.swift */,
				84B0E0062D41AF0E00244947 /* ios_contact_generatorUITestsLaunchTests.swift */,
			);
			path = "ios-contact-generatorUITests";
			sourceTree = "<group>";
		};
/* End PBXGroup section */

/* Begin PBXNativeTarget section */
		84B0DFE52D41AF0C00244947 /* ios-contact-generator */ = {
			isa = PBXNativeTarget;
			buildConfigurationList = 84B0E00A2D41AF0E00244947 /* Build configuration list for PBXNativeTarget "ios-contact-generator" */;
			buildPhases = (
				84B0DFE22D41AF0C00244947 /* Sources */,
				84B0DFE32D41AF0C00244947 /* Frameworks */,
				84B0DFE42D41AF0C00244947 /* Resources */,
			);
			buildRules = (
			);
			dependencies = (
			);
			name = "ios-contact-generator";
			productName = "ios-contact-generator";
			productReference = 84B0DFE62D41AF0C00244947 /* ios-contact-generator.app */;
			productType = "com.apple.product-type.application";
		};
		84B0DFF52D41AF0E00244947 /* ios-contact-generatorTests */ = {
			isa = PBXNativeTarget;
			buildConfigurationList = 84B0E00D2D41AF0E00244947 /* Build configuration list for PBXNativeTarget "ios-contact-generatorTests" */;
			buildPhases = (
				84B0DFF22D41AF0E00244947 /* Sources */,
				84B0DFF32D41AF0E00244947 /* Frameworks */,
				84B0DFF42D41AF0E00244947 /* Resources */,
			);
			buildRules = (
			);
			dependencies = (
				84B0DFF82D41AF0E00244947 /* PBXTargetDependency */,
			);
			name = "ios-contact-generatorTests";
			productName = "ios-contact-generatorTests";
			productReference = 84B0DFF62D41AF0E00244947 /* ios-contact-generatorTests.xctest */;
			productType = "com.apple.product-type.bundle.unit-test";
		};
		84B0DFFF2D41AF0E00244947 /* ios-contact-generatorUITests */ = {
			isa = PBXNativeTarget;
			buildConfigurationList = 84B0E0102D41AF0E00244947 /* Build configuration list for PBXNativeTarget "ios-contact-generatorUITests" */;
			buildPhases = (
				84B0DFFC2D41AF0E00244947 /* Sources */,
				84B0DFFD2D41AF0E00244947 /* Frameworks */,
				84B0DFFE2D41AF0E00244947 /* Resources */,
			);
			buildRules = (
			);
			dependencies = (
				84B0E0022D41AF0E00244947 /* PBXTargetDependency */,
			);
			name = "ios-contact-generatorUITests";
			productName = "ios-contact-generatorUITests";
			productReference = 84B0E0002D41AF0E00244947 /* ios-contact-generatorUITests.xctest */;
			productType = "com.apple.product-type.bundle.ui-testing";
		};
/* End PBXNativeTarget section */

/* Begin PBXProject section */
		84B0DFDE2D41AF0C00244947 /* Project object */ = {
			isa = PBXProject;
			attributes = {
				BuildIndependentTargetsInParallel = 1;
				LastSwiftUpdateCheck = 1540;
				LastUpgradeCheck = 1540;
				TargetAttributes = {
					84B0DFE52D41AF0C00244947 = {
						CreatedOnToolsVersion = 15.4;
					};
					84B0DFF52D41AF0E00244947 = {
						CreatedOnToolsVersion = 15.4;
						TestTargetID = 84B0DFE52D41AF0C00244947;
					};
					84B0DFFF2D41AF0E00244947 = {
						CreatedOnToolsVersion = 15.4;
						TestTargetID = 84B0DFE52D41AF0C00244947;
					};
				};
			};
			buildConfigurationList = 84B0DFE12D41AF0C00244947 /* Build configuration list for PBXProject "ios-contact-generator" */;
			compatibilityVersion = "Xcode 14.0";
			developmentRegion = en;
			hasScannedForEncodings = 0;
			knownRegions = (
				en,
				Base,
			);
			mainGroup = 84B0DFDD2D41AF0C00244947;
			productRefGroup = 84B0DFE72D41AF0C00244947 /* Products */;
			projectDirPath = "";
			projectRoot = "";
			targets = (
				84B0DFE52D41AF0C00244947 /* ios-contact-generator */,
				84B0DFF52D41AF0E00244947 /* ios-contact-generatorTests */,
				84B0DFFF2D41AF0E00244947 /* ios-contact-generatorUITests */,
			);
		};
/* End PBXProject section */

/* Begin PBXResourcesBuildPhase section */
		84B0DFE42D41AF0C00244947 /* Resources */ = {
			isa = PBXResourcesBuildPhase;
			buildActionMask = 2147483647;
			files = (
				84B0DFF12D41AF0E00244947 /* Preview Assets.xcassets in Resources */,
				84B0DFEE2D41AF0E00244947 /* Assets.xcassets in Resources */,
			);
			runOnlyForDeploymentPostprocessing = 0;
		};
		84B0DFF42D41AF0E00244947 /* Resources */ = {
			isa = PBXResourcesBuildPhase;
			buildActionMask = 2147483647;
			files = (
			);
			runOnlyForDeploymentPostprocessing = 0;
		};
		84B0DFFE2D41AF0E00244947 /* Resources */ = {
			isa = PBXResourcesBuildPhase;
			buildActionMask = 2147483647;
			files = (
			);
			runOnlyForDeploymentPostprocessing = 0;
		};
/* End PBXResourcesBuildPhase section */

/* Begin PBXSourcesBuildPhase section */
		84B0DFE22D41AF0C00244947 /* Sources */ = {
			isa = PBXSourcesBuildPhase;
			buildActionMask = 2147483647;
			files = (
				84B0DFEC2D41AF0C00244947 /* ContentView.swift in Sources */,
				84B0DFEA2D41AF0C00244947 /* ios_contact_generatorApp.swift in Sources */,
			);
			runOnlyForDeploymentPostprocessing = 0;
		};
		84B0DFF22D41AF0E00244947 /* Sources */ = {
			isa = PBXSourcesBuildPhase;
			buildActionMask = 2147483647;
			files = (
				84B0DFFB2D41AF0E00244947 /* ios_contact_generatorTests.swift in Sources */,
			);
			runOnlyForDeploymentPostprocessing = 0;
		};
		84B0DFFC2D41AF0E00244947 /* Sources */ = {
			isa = PBXSourcesBuildPhase;
			buildActionMask = 2147483647;
			files = (
				84B0E0052D41AF0E00244947 /* ios_contact_generatorUITests.swift in Sources */,
				84B0E0072D41AF0E00244947 /* ios_contact_generatorUITestsLaunchTests.swift in Sources */,
			);
			runOnlyForDeploymentPostprocessing = 0;
		};
/* End PBXSourcesBuildPhase section */

/* Begin PBXTargetDependency section */
		84B0DFF82D41AF0E00244947 /* PBXTargetDependency */ = {
			isa = PBXTargetDependency;
			target = 84B0DFE52D41AF0C00244947 /* ios-contact-generator */;
			targetProxy = 84B0DFF72D41AF0E00244947 /* PBXContainerItemProxy */;
		};
		84B0E0022D41AF0E00244947 /* PBXTargetDependency */ = {
			isa = PBXTargetDependency;
			target = 84B0DFE52D41AF0C00244947 /* ios-contact-generator */;
			targetProxy = 84B0E0012D41AF0E00244947 /* PBXContainerItemProxy */;
		};
/* End PBXTargetDependency section */

/* Begin XCBuildConfiguration section */
		84B0E0082D41AF0E00244947 /* Debug */ = {
			isa = XCBuildConfiguration;
			buildSettings = {
				ALWAYS_SEARCH_USER_PATHS = NO;
				ASSETCATALOG_COMPILER_GENERATE_SWIFT_ASSET_SYMBOL_EXTENSIONS = YES;
				CLANG_ANALYZER_NONNULL = YES;
				CLANG_ANALYZER_NUMBER_OBJECT_CONVERSION = YES_AGGRESSIVE;
				CLANG_CXX_LANGUAGE_STANDARD = "gnu++20";
				CLANG_ENABLE_MODULES = YES;
				CLANG_ENABLE_OBJC_ARC = YES;
				CLANG_ENABLE_OBJC_WEAK = YES;
				CLANG_WARN_BLOCK_CAPTURE_AUTORELEASING = YES;
				CLANG_WARN_BOOL_CONVERSION = YES;
				CLANG_WARN_COMMA = YES;
				CLANG_WARN_CONSTANT_CONVERSION = YES;
				CLANG_WARN_DEPRECATED_OBJC_IMPLEMENTATIONS = YES;
				CLANG_WARN_DIRECT_OBJC_ISA_USAGE = YES_ERROR;
				CLANG_WARN_DOCUMENTATION_COMMENTS = YES;
				CLANG_WARN_EMPTY_BODY = YES;
				CLANG_WARN_ENUM_CONVERSION = YES;
				CLANG_WARN_INFINITE_RECURSION = YES;
				CLANG_WARN_INT_CONVERSION = YES;
				CLANG_WARN_NON_LITERAL_NULL_CONVERSION = YES;
				CLANG_WARN_OBJC_IMPLICIT_RETAIN_SELF = YES;
				CLANG_WARN_OBJC_LITERAL_CONVERSION = YES;
				CLANG_WARN_OBJC_ROOT_CLASS = YES_ERROR;
				CLANG_WARN_QUOTED_INCLUDE_IN_FRAMEWORK_HEADER = YES;
				CLANG_WARN_RANGE_LOOP_ANALYSIS = YES;
				CLANG_WARN_STRICT_PROTOTYPES = YES;
				CLANG_WARN_SUSPICIOUS_MOVE = YES;
				CLANG_WARN_UNGUARDED_AVAILABILITY = YES_AGGRESSIVE;
				CLANG_WARN_UNREACHABLE_CODE = YES;
				CLANG_WARN__DUPLICATE_METHOD_MATCH = YES;
				COPY_PHASE_STRIP = NO;
				DEBUG_INFORMATION_FORMAT = dwarf;
				ENABLE_STRICT_OBJC_MSGSEND = YES;
				ENABLE_TESTABILITY = YES;
				ENABLE_USER_SCRIPT_SANDBOXING = YES;
				GCC_C_LANGUAGE_STANDARD = gnu17;
				GCC_DYNAMIC_NO_PIC = NO;
				GCC_NO_COMMON_BLOCKS = YES;
				GCC_OPTIMIZATION_LEVEL = 0;
				GCC_PREPROCESSOR_DEFINITIONS = (
					"DEBUG=1",
					"$(inherited)",
				);
				GCC_WARN_64_TO_32_BIT_CONVERSION = YES;
				GCC_WARN_ABOUT_RETURN_TYPE = YES_ERROR;
				GCC_WARN_UNDECLARED_SELECTOR = YES;
				GCC_WARN_UNINITIALIZED_AUTOS = YES_AGGRESSIVE;
				GCC_WARN_UNUSED_FUNCTION = YES;
				GCC_WARN_UNUSED_VARIABLE = YES;
				IPHONEOS_DEPLOYMENT_TARGET = 17.5;
				LOCALIZATION_PREFERS_STRING_CATALOGS = YES;
				MTL_ENABLE_DEBUG_INFO = INCLUDE_SOURCE;
				MTL_FAST_MATH = YES;
				ONLY_ACTIVE_ARCH = YES;
				SDKROOT = iphoneos;
				SWIFT_ACTIVE_COMPILATION_CONDITIONS = "DEBUG $(inherited)";
				SWIFT_OPTIMIZATION_LEVEL = "-Onone";
			};
			name = Debug;
		};
		84B0E0092D41AF0E00244947 /* Release */ = {
			isa = XCBuildConfiguration;
			buildSettings = {
				ALWAYS_SEARCH_USER_PATHS = NO;
				ASSETCATALOG_COMPILER_GENERATE_SWIFT_ASSET_SYMBOL_EXTENSIONS = YES;
				CLANG_ANALYZER_NONNULL = YES;
				CLANG_ANALYZER_NUMBER_OBJECT_CONVERSION = YES_AGGRESSIVE;
				CLANG_CXX_LANGUAGE_STANDARD = "gnu++20";
				CLANG_ENABLE_MODULES = YES;
				CLANG_ENABLE_OBJC_ARC = YES;
				CLANG_ENABLE_OBJC_WEAK = YES;
				CLANG_WARN_BLOCK_CAPTURE_AUTORELEASING = YES;
				CLANG_WARN_BOOL_CONVERSION = YES;
				CLANG_WARN_COMMA = YES;
				CLANG_WARN_CONSTANT_CONVERSION = YES;
				CLANG_WARN_DEPRECATED_OBJC_IMPLEMENTATIONS = YES;
				CLANG_WARN_DIRECT_OBJC_ISA_USAGE = YES_ERROR;
				CLANG_WARN_DOCUMENTATION_COMMENTS = YES;
				CLANG_WARN_EMPTY_BODY = YES;
				CLANG_WARN_ENUM_CONVERSION = YES;
				CLANG_WARN_INFINITE_RECURSION = YES;
				CLANG_WARN_INT_CONVERSION = YES;
				CLANG_WARN_NON_LITERAL_NULL_CONVERSION = YES;
				CLANG_WARN_OBJC_IMPLICIT_RETAIN_SELF = YES;
				CLANG_WARN_OBJC_LITERAL_CONVERSION = YES;
				CLANG_WARN_OBJC_ROOT_CLASS = YES_ERROR;
				CLANG_WARN_QUOTED_INCLUDE_IN_FRAMEWORK_HEADER = YES;
				CLANG_WARN_RANGE_LOOP_ANALYSIS = YES;
				CLANG_WARN_STRICT_PROTOTYPES = YES;
				CLANG_WARN_SUSPICIOUS_MOVE = YES;
				CLANG_WARN_UNGUARDED_AVAILABILITY = YES_AGGRESSIVE;
				CLANG_WARN_UNREACHABLE_CODE = YES;
				CLANG_WARN__DUPLICATE_METHOD_MATCH = YES;
				COPY_PHASE_STRIP = NO;
				DEBUG_INFORMATION_FORMAT = "dwarf-with-dsym";
				ENABLE_NS_ASSERTIONS = NO;
				ENABLE_STRICT_OBJC_MSGSEND = YES;
				ENABLE_USER_SCRIPT_SANDBOXING = YES;
				GCC_C_LANGUAGE_STANDARD = gnu17;
				GCC_NO_COMMON_BLOCKS = YES;
				GCC_WARN_64_TO_32_BIT_CONVERSION = YES;
				GCC_WARN_ABOUT_RETURN_TYPE = YES_ERROR;
				GCC_WARN_UNDECLARED_SELECTOR = YES;
				GCC_WARN_UNINITIALIZED_AUTOS = YES_AGGRESSIVE;
				GCC_WARN_UNUSED_FUNCTION = YES;
				GCC_WARN_UNUSED_VARIABLE = YES;
				IPHONEOS_DEPLOYMENT_TARGET = 17.5;
				LOCALIZATION_PREFERS_STRING_CATALOGS = YES;
				MTL_ENABLE_DEBUG_INFO = NO;
				MTL_FAST_MATH = YES;
				SDKROOT = iphoneos;
				SWIFT_COMPILATION_MODE = wholemodule;
				VALIDATE_PRODUCT = YES;
			};
			name = Release;
		};
		84B0E00B2D41AF0E00244947 /* Debug */ = {
			isa = XCBuildConfiguration;
			buildSettings = {
				ASSETCATALOG_COMPILER_APPICON_NAME = AppIcon;
				ASSETCATALOG_COMPILER_GLOBAL_ACCENT_COLOR_NAME = AccentColor;
				CODE_SIGN_STYLE = Automatic;
				CURRENT_PROJECT_VERSION = 1;
				DEVELOPMENT_ASSET_PATHS = "\"ios-contact-generator/Preview Content\"";
				DEVELOPMENT_TEAM = SUPMBV2SR9;
				ENABLE_PREVIEWS = YES;
				GENERATE_INFOPLIST_FILE = YES;
				INFOPLIST_FILE = "ios-contact-generator/Info.plist";
				INFOPLIST_KEY_NSContactsUsageDescription = "To save contacts";
				INFOPLIST_KEY_UIApplicationSceneManifest_Generation = YES;
				INFOPLIST_KEY_UIApplicationSupportsIndirectInputEvents = YES;
				INFOPLIST_KEY_UILaunchScreen_Generation = YES;
				INFOPLIST_KEY_UISupportedInterfaceOrientations_iPad = "UIInterfaceOrientationPortrait UIInterfaceOrientationPortraitUpsideDown UIInterfaceOrientationLandscapeLeft UIInterfaceOrientationLandscapeRight";
				INFOPLIST_KEY_UISupportedInterfaceOrientations_iPhone = "UIInterfaceOrientationPortrait UIInterfaceOrientationLandscapeLeft UIInterfaceOrientationLandscapeRight";
				LD_RUNPATH_SEARCH_PATHS = (
					"$(inherited)",
					"@executable_path/Frameworks",
				);
				MARKETING_VERSION = 1.0;
				PRODUCT_BUNDLE_IDENTIFIER = "spoke-ph.ios-contact-generator";
				PRODUCT_NAME = "$(TARGET_NAME)";
				SWIFT_EMIT_LOC_STRINGS = YES;
				SWIFT_VERSION = 5.0;
				TARGETED_DEVICE_FAMILY = "1,2";
			};
			name = Debug;
		};
		84B0E00C2D41AF0E00244947 /* Release */ = {
			isa = XCBuildConfiguration;
			buildSettings = {
				ASSETCATALOG_COMPILER_APPICON_NAME = AppIcon;
				ASSETCATALOG_COMPILER_GLOBAL_ACCENT_COLOR_NAME = AccentColor;
				CODE_SIGN_STYLE = Automatic;
				CURRENT_PROJECT_VERSION = 1;
				DEVELOPMENT_ASSET_PATHS = "\"ios-contact-generator/Preview Content\"";
				DEVELOPMENT_TEAM = SUPMBV2SR9;
				ENABLE_PREVIEWS = YES;
				GENERATE_INFOPLIST_FILE = YES;
				INFOPLIST_FILE = "ios-contact-generator/Info.plist";
				INFOPLIST_KEY_NSContactsUsageDescription = "To save contacts";
				INFOPLIST_KEY_UIApplicationSceneManifest_Generation = YES;
				INFOPLIST_KEY_UIApplicationSupportsIndirectInputEvents = YES;
				INFOPLIST_KEY_UILaunchScreen_Generation = YES;
				INFOPLIST_KEY_UISupportedInterfaceOrientations_iPad = "UIInterfaceOrientationPortrait UIInterfaceOrientationPortraitUpsideDown UIInterfaceOrientationLandscapeLeft UIInterfaceOrientationLandscapeRight";
				INFOPLIST_KEY_UISupportedInterfaceOrientations_iPhone = "UIInterfaceOrientationPortrait UIInterfaceOrientationLandscapeLeft UIInterfaceOrientationLandscapeRight";
				LD_RUNPATH_SEARCH_PATHS = (
					"$(inherited)",
					"@executable_path/Frameworks",
				);
				MARKETING_VERSION = 1.0;
				PRODUCT_BUNDLE_IDENTIFIER = "spoke-ph.ios-contact-generator";
				PRODUCT_NAME = "$(TARGET_NAME)";
				SWIFT_EMIT_LOC_STRINGS = YES;
				SWIFT_VERSION = 5.0;
				TARGETED_DEVICE_FAMILY = "1,2";
			};
			name = Release;
		};
		84B0E00E2D41AF0E00244947 /* Debug */ = {
			isa = XCBuildConfiguration;
			buildSettings = {
				ALWAYS_EMBED_SWIFT_STANDARD_LIBRARIES = YES;
				BUNDLE_LOADER = "$(TEST_HOST)";
				CODE_SIGN_STYLE = Automatic;
				CURRENT_PROJECT_VERSION = 1;
				GENERATE_INFOPLIST_FILE = YES;
				IPHONEOS_DEPLOYMENT_TARGET = 17.5;
				MARKETING_VERSION = 1.0;
				PRODUCT_BUNDLE_IDENTIFIER = "spoke-ph.ios-contact-generatorTests";
				PRODUCT_NAME = "$(TARGET_NAME)";
				SWIFT_EMIT_LOC_STRINGS = NO;
				SWIFT_VERSION = 5.0;
				TARGETED_DEVICE_FAMILY = "1,2";
				TEST_HOST = "$(BUILT_PRODUCTS_DIR)/ios-contact-generator.app/$(BUNDLE_EXECUTABLE_FOLDER_PATH)/ios-contact-generator";
			};
			name = Debug;
		};
		84B0E00F2D41AF0E00244947 /* Release */ = {
			isa = XCBuildConfiguration;
			buildSettings = {
				ALWAYS_EMBED_SWIFT_STANDARD_LIBRARIES = YES;
				BUNDLE_LOADER = "$(TEST_HOST)";
				CODE_SIGN_STYLE = Automatic;
				CURRENT_PROJECT_VERSION = 1;
				GENERATE_INFOPLIST_FILE = YES;
				IPHONEOS_DEPLOYMENT_TARGET = 17.5;
				MARKETING_VERSION = 1.0;
				PRODUCT_BUNDLE_IDENTIFIER = "spoke-ph.ios-contact-generatorTests";
				PRODUCT_NAME = "$(TARGET_NAME)";
				SWIFT_EMIT_LOC_STRINGS = NO;
				SWIFT_VERSION = 5.0;
				TARGETED_DEVICE_FAMILY = "1,2";
				TEST_HOST = "$(BUILT_PRODUCTS_DIR)/ios-contact-generator.app/$(BUNDLE_EXECUTABLE_FOLDER_PATH)/ios-contact-generator";
			};
			name = Release;
		};
		84B0E0112D41AF0E00244947 /* Debug */ = {
			isa = XCBuildConfiguration;
			buildSettings = {
				ALWAYS_EMBED_SWIFT_STANDARD_LIBRARIES = YES;
				CODE_SIGN_STYLE = Automatic;
				CURRENT_PROJECT_VERSION = 1;
				GENERATE_INFOPLIST_FILE = YES;
				MARKETING_VERSION = 1.0;
				PRODUCT_BUNDLE_IDENTIFIER = "spoke-ph.ios-contact-generatorUITests";
				PRODUCT_NAME = "$(TARGET_NAME)";
				SWIFT_EMIT_LOC_STRINGS = NO;
				SWIFT_VERSION = 5.0;
				TARGETED_DEVICE_FAMILY = "1,2";
				TEST_TARGET_NAME = "ios-contact-generator";
			};
			name = Debug;
		};
		84B0E0122D41AF0E00244947 /* Release */ = {
			isa = XCBuildConfiguration;
			buildSettings = {
				ALWAYS_EMBED_SWIFT_STANDARD_LIBRARIES = YES;
				CODE_SIGN_STYLE = Automatic;
				CURRENT_PROJECT_VERSION = 1;
				GENERATE_INFOPLIST_FILE = YES;
				MARKETING_VERSION = 1.0;
				PRODUCT_BUNDLE_IDENTIFIER = "spoke-ph.ios-contact-generatorUITests";
				PRODUCT_NAME = "$(TARGET_NAME)";
				SWIFT_EMIT_LOC_STRINGS = NO;
				SWIFT_VERSION = 5.0;
				TARGETED_DEVICE_FAMILY = "1,2";
				TEST_TARGET_NAME = "ios-contact-generator";
			};
			name = Release;
		};
/* End XCBuildConfiguration section */

/* Begin XCConfigurationList section */
		84B0DFE12D41AF0C00244947 /* Build configuration list for PBXProject "ios-contact-generator" */ = {
			isa = XCConfigurationList;
			buildConfigurations = (
				84B0E0082D41AF0E00244947 /* Debug */,
				84B0E0092D41AF0E00244947 /* Release */,
			);
			defaultConfigurationIsVisible = 0;
			defaultConfigurationName = Release;
		};
		84B0E00A2D41AF0E00244947 /* Build configuration list for PBXNativeTarget "ios-contact-generator" */ = {
			isa = XCConfigurationList;
			buildConfigurations = (
				84B0E00B2D41AF0E00244947 /* Debug */,
				84B0E00C2D41AF0E00244947 /* Release */,
			);
			defaultConfigurationIsVisible = 0;
			defaultConfigurationName = Release;
		};
		84B0E00D2D41AF0E00244947 /* Build configuration list for PBXNativeTarget "ios-contact-generatorTests" */ = {
			isa = XCConfigurationList;
			buildConfigurations = (
				84B0E00E2D41AF0E00244947 /* Debug */,
				84B0E00F2D41AF0E00244947 /* Release */,
			);
			defaultConfigurationIsVisible = 0;
			defaultConfigurationName = Release;
		};
		84B0E0102D41AF0E00244947 /* Build configuration list for PBXNativeTarget "ios-contact-generatorUITests" */ = {
			isa = XCConfigurationList;
			buildConfigurations = (
				84B0E0112D41AF0E00244947 /* Debug */,
				84B0E0122D41AF0E00244947 /* Release */,
			);
			defaultConfigurationIsVisible = 0;
			defaultConfigurationName = Release;
		};
/* End XCConfigurationList section */
	};
	rootObject = 84B0DFDE2D41AF0C00244947 /* Project object */;
}
